// !$*UTF8*$!
{
	archiveVersion = 1;
	classes = {
	};
	objectVersion = 50;
	objects = {

/* Begin PBXBuildFile section */
		03ED910D24BE639D00E6AAAD /* AppDelegate.swift in Sources */ = {isa = PBXBuildFile; fileRef = 03ED910C24BE639D00E6AAAD /* AppDelegate.swift */; };
		03ED910F24BE639D00E6AAAD /* SceneDelegate.swift in Sources */ = {isa = PBXBuildFile; fileRef = 03ED910E24BE639D00E6AAAD /* SceneDelegate.swift */; };
		03ED911124BE639D00E6AAAD /* ContentView.swift in Sources */ = {isa = PBXBuildFile; fileRef = 03ED911024BE639D00E6AAAD /* ContentView.swift */; };
		03ED911324BE639F00E6AAAD /* Assets.xcassets in Resources */ = {isa = PBXBuildFile; fileRef = 03ED911224BE639F00E6AAAD /* Assets.xcassets */; };
		03ED911624BE639F00E6AAAD /* Preview Assets.xcassets in Resources */ = {isa = PBXBuildFile; fileRef = 03ED911524BE639F00E6AAAD /* Preview Assets.xcassets */; };
		03ED911924BE639F00E6AAAD /* LaunchScreen.storyboard in Resources */ = {isa = PBXBuildFile; fileRef = 03ED911724BE639F00E6AAAD /* LaunchScreen.storyboard */; };
/* End PBXBuildFile section */

/* Begin PBXFileReference section */
		03ED910924BE639D00E6AAAD /* swift-calculator-tutorial.app */ = {isa = PBXFileReference; explicitFileType = wrapper.application; includeInIndex = 0; path = "swift-calculator-tutorial.app"; sourceTree = BUILT_PRODUCTS_DIR; };
		03ED910C24BE639D00E6AAAD /* AppDelegate.swift */ = {isa = PBXFileReference; lastKnownFileType = sourcecode.swift; path = AppDelegate.swift; sourceTree = "<group>"; };
		03ED910E24BE639D00E6AAAD /* SceneDelegate.swift */ = {isa = PBXFileReference; lastKnownFileType = sourcecode.swift; path = SceneDelegate.swift; sourceTree = "<group>"; };
		03ED911024BE639D00E6AAAD /* ContentView.swift */ = {isa = PBXFileReference; lastKnownFileType = sourcecode.swift; path = ContentView.swift; sourceTree = "<group>"; };
		03ED911224BE639F00E6AAAD /* Assets.xcassets */ = {isa = PBXFileReference; lastKnownFileType = folder.assetcatalog; path = Assets.xcassets; sourceTree = "<group>"; };
		03ED911524BE639F00E6AAAD /* Preview Assets.xcassets */ = {isa = PBXFileReference; lastKnownFileType = folder.assetcatalog; path = "Preview Assets.xcassets"; sourceTree = "<group>"; };
		03ED911824BE639F00E6AAAD /* Base */ = {isa = PBXFileReference; lastKnownFileType = file.storyboard; name = Base; path = Base.lproj/LaunchScreen.storyboard; sourceTree = "<group>"; };
		03ED911A24BE639F00E6AAAD /* Info.plist */ = {isa = PBXFileReference; lastKnownFileType = text.plist.xml; path = Info.plist; sourceTree = "<group>"; };
/* End PBXFileReference section */

/* Begin PBXFrameworksBuildPhase section */
		03ED910624BE639D00E6AAAD /* Frameworks */ = {
			isa = PBXFrameworksBuildPhase;
			buildActionMask = 2147483647;
			files = (
			);
			runOnlyForDeploymentPostprocessing = 0;
		};
/* End PBXFrameworksBuildPhase section */

/* Begin PBXGroup section */
		03ED910024BE639D00E6AAAD = {
			isa = PBXGroup;
			children = (
				03ED910B24BE639D00E6AAAD /* swift-calculator-tutorial */,
				03ED910A24BE639D00E6AAAD /* Products */,
			);
			sourceTree = "<group>";
		};
		03ED910A24BE639D00E6AAAD /* Products */ = {
			isa = PBXGroup;
			children = (
				03ED910924BE639D00E6AAAD /* swift-calculator-tutorial.app */,
			);
			name = Products;
			sourceTree = "<group>";
		};
		03ED910B24BE639D00E6AAAD /* swift-calculator-tutorial */ = {
			isa = PBXGroup;
			children = (
				03ED910C24BE639D00E6AAAD /* AppDelegate.swift */,
				03ED910E24BE639D00E6AAAD /* SceneDelegate.swift */,
				03ED911024BE639D00E6AAAD /* ContentView.swift */,
				03ED911224BE639F00E6AAAD /* Assets.xcassets */,
				03ED911724BE639F00E6AAAD /* LaunchScreen.storyboard */,
				03ED911A24BE639F00E6AAAD /* Info.plist */,
				03ED911424BE639F00E6AAAD /* Preview Content */,
			);
			path = "swift-calculator-tutorial";
			sourceTree = "<group>";
		};
		03ED911424BE639F00E6AAAD /* Preview Content */ = {
			isa = PBXGroup;
			children = (
				03ED911524BE639F00E6AAAD /* Preview Assets.xcassets */,
			);
			path = "Preview Content";
			sourceTree = "<group>";
		};
/* End PBXGroup section */

/* Begin PBXNativeTarget section */
		03ED910824BE639D00E6AAAD /* swift-calculator-tutorial */ = {
			isa = PBXNativeTarget;
			buildConfigurationList = 03ED911D24BE639F00E6AAAD /* Build configuration list for PBXNativeTarget "swift-calculator-tutorial" */;
			buildPhases = (
				03ED910524BE639D00E6AAAD /* Sources */,
				03ED910624BE639D00E6AAAD /* Frameworks */,
				03ED910724BE639D00E6AAAD /* Resources */,
			);
			buildRules = (
			);
			dependencies = (
			);
			name = "swift-calculator-tutorial";
			productName = "swift-calculator-tutorial";
			productReference = 03ED910924BE639D00E6AAAD /* swift-calculator-tutorial.app */;
			productType = "com.apple.product-type.application";
		};
/* End PBXNativeTarget section */

/* Begin PBXProject section */
		03ED910124BE639D00E6AAAD /* Project object */ = {
			isa = PBXProject;
			attributes = {
				LastSwiftUpdateCheck = 1150;
				LastUpgradeCheck = 1150;
				ORGANIZATIONNAME = "E. Conrad Diao";
				TargetAttributes = {
					03ED910824BE639D00E6AAAD = {
						CreatedOnToolsVersion = 11.5;
					};
				};
			};
			buildConfigurationList = 03ED910424BE639D00E6AAAD /* Build configuration list for PBXProject "swift-calculator-tutorial" */;
			compatibilityVersion = "Xcode 9.3";
			developmentRegion = en;
			hasScannedForEncodings = 0;
			knownRegions = (
				en,
				Base,
			);
			mainGroup = 03ED910024BE639D00E6AAAD;
			productRefGroup = 03ED910A24BE639D00E6AAAD /* Products */;
			projectDirPath = "";
			projectRoot = "";
			targets = (
				03ED910824BE639D00E6AAAD /* swift-calculator-tutorial */,
			);
		};
/* End PBXProject section */

/* Begin PBXResourcesBuildPhase section */
		03ED910724BE639D00E6AAAD /* Resources */ = {
			isa = PBXResourcesBuildPhase;
			buildActionMask = 2147483647;
			files = (
				03ED911924BE639F00E6AAAD /* LaunchScreen.storyboard in Resources */,
				03ED911624BE639F00E6AAAD /* Preview Assets.xcassets in Resources */,
				03ED911324BE639F00E6AAAD /* Assets.xcassets in Resources */,
			);
			runOnlyForDeploymentPostprocessing = 0;
		};
/* End PBXResourcesBuildPhase section */

/* Begin PBXSourcesBuildPhase section */
		03ED910524BE639D00E6AAAD /* Sources */ = {
			isa = PBXSourcesBuildPhase;
			buildActionMask = 2147483647;
			files = (
				03ED910D24BE639D00E6AAAD /* AppDelegate.swift in Sources */,
				03ED910F24BE639D00E6AAAD /* SceneDelegate.swift in Sources */,
				03ED911124BE639D00E6AAAD /* ContentView.swift in Sources */,
			);
			runOnlyForDeploymentPostprocessing = 0;
		};
/* End PBXSourcesBuildPhase section */

/* Begin PBXVariantGroup section */
		03ED911724BE639F00E6AAAD /* LaunchScreen.storyboard */ = {
			isa = PBXVariantGroup;
			children = (
				03ED911824BE639F00E6AAAD /* Base */,
			);
			name = LaunchScreen.storyboard;
			sourceTree = "<group>";
		};
/* End PBXVariantGroup section */

/* Begin XCBuildConfiguration section */
		03ED911B24BE639F00E6AAAD /* Debug */ = {
			isa = XCBuildConfiguration;
			buildSettings = {
				ALWAYS_SEARCH_USER_PATHS = NO;
				CLANG_ANALYZER_NONNULL = YES;
				CLANG_ANALYZER_NUMBER_OBJECT_CONVERSION = YES_AGGRESSIVE;
				CLANG_CXX_LANGUAGE_STANDARD = "gnu++14";
				CLANG_CXX_LIBRARY = "libc++";
				CLANG_ENABLE_MODULES = YES;
				CLANG_ENABLE_OBJC_ARC = YES;
				CLANG_ENABLE_OBJC_WEAK = YES;
				CLANG_WARN_BLOCK_CAPTURE_AUTORELEASING = YES;
				CLANG_WARN_BOOL_CONVERSION = YES;
				CLANG_WARN_COMMA = YES;
				CLANG_WARN_CONSTANT_CONVERSION = YES;
				CLANG_WARN_DEPRECATED_OBJC_IMPLEMENTATIONS = YES;
				CLANG_WARN_DIRECT_OBJC_ISA_USAGE = YES_ERROR;
				CLANG_WARN_DOCUMENTATION_COMMENTS = YES;
				CLANG_WARN_EMPTY_BODY = YES;
				CLANG_WARN_ENUM_CONVERSION = YES;
				CLANG_WARN_INFINITE_RECURSION = YES;
				CLANG_WARN_INT_CONVERSION = YES;
				CLANG_WARN_NON_LITERAL_NULL_CONVERSION = YES;
				CLANG_WARN_OBJC_IMPLICIT_RETAIN_SELF = YES;
				CLANG_WARN_OBJC_LITERAL_CONVERSION = YES;
				CLANG_WARN_OBJC_ROOT_CLASS = YES_ERROR;
				CLANG_WARN_RANGE_LOOP_ANALYSIS = YES;
				CLANG_WARN_STRICT_PROTOTYPES = YES;
				CLANG_WARN_SUSPICIOUS_MOVE = YES;
				CLANG_WARN_UNGUARDED_AVAILABILITY = YES_AGGRESSIVE;
				CLANG_WARN_UNREACHABLE_CODE = YES;
				CLANG_WARN__DUPLICATE_METHOD_MATCH = YES;
				COPY_PHASE_STRIP = NO;
				DEBUG_INFORMATION_FORMAT = dwarf;
				ENABLE_STRICT_OBJC_MSGSEND = YES;
				ENABLE_TESTABILITY = YES;
				GCC_C_LANGUAGE_STANDARD = gnu11;
				GCC_DYNAMIC_NO_PIC = NO;
				GCC_NO_COMMON_BLOCKS = YES;
				GCC_OPTIMIZATION_LEVEL = 0;
				GCC_PREPROCESSOR_DEFINITIONS = (
					"DEBUG=1",
					"$(inherited)",
				);
				GCC_WARN_64_TO_32_BIT_CONVERSION = YES;
				GCC_WARN_ABOUT_RETURN_TYPE = YES_ERROR;
				GCC_WARN_UNDECLARED_SELECTOR = YES;
				GCC_WARN_UNINITIALIZED_AUTOS = YES_AGGRESSIVE;
				GCC_WARN_UNUSED_FUNCTION = YES;
				GCC_WARN_UNUSED_VARIABLE = YES;
				IPHONEOS_DEPLOYMENT_TARGET = 13.5;
				MTL_ENABLE_DEBUG_INFO = INCLUDE_SOURCE;
				MTL_FAST_MATH = YES;
				ONLY_ACTIVE_ARCH = YES;
				SDKROOT = iphoneos;
				SWIFT_ACTIVE_COMPILATION_CONDITIONS = DEBUG;
				SWIFT_OPTIMIZATION_LEVEL = "-Onone";
			};
			name = Debug;
		};
		03ED911C24BE639F00E6AAAD /* Release */ = {
			isa = XCBuildConfiguration;
			buildSettings = {
				ALWAYS_SEARCH_USER_PATHS = NO;
				CLANG_ANALYZER_NONNULL = YES;
				CLANG_ANALYZER_NUMBER_OBJECT_CONVERSION = YES_AGGRESSIVE;
				CLANG_CXX_LANGUAGE_STANDARD = "gnu++14";
				CLANG_CXX_LIBRARY = "libc++";
				CLANG_ENABLE_MODULES = YES;
				CLANG_ENABLE_OBJC_ARC = YES;
				CLANG_ENABLE_OBJC_WEAK = YES;
				CLANG_WARN_BLOCK_CAPTURE_AUTORELEASING = YES;
				CLANG_WARN_BOOL_CONVERSION = YES;
				CLANG_WARN_COMMA = YES;
				CLANG_WARN_CONSTANT_CONVERSION = YES;
				CLANG_WARN_DEPRECATED_OBJC_IMPLEMENTATIONS = YES;
				CLANG_WARN_DIRECT_OBJC_ISA_USAGE = YES_ERROR;
				CLANG_WARN_DOCUMENTATION_COMMENTS = YES;
				CLANG_WARN_EMPTY_BODY = YES;
				CLANG_WARN_ENUM_CONVERSION = YES;
				CLANG_WARN_INFINITE_RECURSION = YES;
				CLANG_WARN_INT_CONVERSION = YES;
				CLANG_WARN_NON_LITERAL_NULL_CONVERSION = YES;
				CLANG_WARN_OBJC_IMPLICIT_RETAIN_SELF = YES;
				CLANG_WARN_OBJC_LITERAL_CONVERSION = YES;
				CLANG_WARN_OBJC_ROOT_CLASS = YES_ERROR;
				CLANG_WARN_RANGE_LOOP_ANALYSIS = YES;
				CLANG_WARN_STRICT_PROTOTYPES = YES;
				CLANG_WARN_SUSPICIOUS_MOVE = YES;
				CLANG_WARN_UNGUARDED_AVAILABILITY = YES_AGGRESSIVE;
				CLANG_WARN_UNREACHABLE_CODE = YES;
				CLANG_WARN__DUPLICATE_METHOD_MATCH = YES;
				COPY_PHASE_STRIP = NO;
				DEBUG_INFORMATION_FORMAT = "dwarf-with-dsym";
				ENABLE_NS_ASSERTIONS = NO;
				ENABLE_STRICT_OBJC_MSGSEND = YES;
				GCC_C_LANGUAGE_STANDARD = gnu11;
				GCC_NO_COMMON_BLOCKS = YES;
				GCC_WARN_64_TO_32_BIT_CONVERSION = YES;
				GCC_WARN_ABOUT_RETURN_TYPE = YES_ERROR;
				GCC_WARN_UNDECLARED_SELECTOR = YES;
				GCC_WARN_UNINITIALIZED_AUTOS = YES_AGGRESSIVE;
				GCC_WARN_UNUSED_FUNCTION = YES;
				GCC_WARN_UNUSED_VARIABLE = YES;
				IPHONEOS_DEPLOYMENT_TARGET = 13.5;
				MTL_ENABLE_DEBUG_INFO = NO;
				MTL_FAST_MATH = YES;
				SDKROOT = iphoneos;
				SWIFT_COMPILATION_MODE = wholemodule;
				SWIFT_OPTIMIZATION_LEVEL = "-O";
				VALIDATE_PRODUCT = YES;
			};
			name = Release;
		};
		03ED911E24BE639F00E6AAAD /* Debug */ = {
			isa = XCBuildConfiguration;
			buildSettings = {
				ASSETCATALOG_COMPILER_APPICON_NAME = AppIcon;
				CODE_SIGN_STYLE = Automatic;
				DEVELOPMENT_ASSET_PATHS = "\"swift-calculator-tutorial/Preview Content\"";
				DEVELOPMENT_TEAM = FSAJ344824;
				ENABLE_PREVIEWS = YES;
				INFOPLIST_FILE = "swift-calculator-tutorial/Info.plist";
				LD_RUNPATH_SEARCH_PATHS = (
					"$(inherited)",
					"@executable_path/Frameworks",
				);
				PRODUCT_BUNDLE_IDENTIFIER = "econraddiao.swift-calculator-tutorial";
				PRODUCT_NAME = "$(TARGET_NAME)";
				SWIFT_VERSION = 5.0;
				TARGETED_DEVICE_FAMILY = "1,2";
			};
			name = Debug;
		};
		03ED911F24BE639F00E6AAAD /* Release */ = {
			isa = XCBuildConfiguration;
			buildSettings = {
				ASSETCATALOG_COMPILER_APPICON_NAME = AppIcon;
				CODE_SIGN_STYLE = Automatic;
				DEVELOPMENT_ASSET_PATHS = "\"swift-calculator-tutorial/Preview Content\"";
				DEVELOPMENT_TEAM = FSAJ344824;
				ENABLE_PREVIEWS = YES;
				INFOPLIST_FILE = "swift-calculator-tutorial/Info.plist";
				LD_RUNPATH_SEARCH_PATHS = (
					"$(inherited)",
					"@executable_path/Frameworks",
				);
				PRODUCT_BUNDLE_IDENTIFIER = "econraddiao.swift-calculator-tutorial";
				PRODUCT_NAME = "$(TARGET_NAME)";
				SWIFT_VERSION = 5.0;
				TARGETED_DEVICE_FAMILY = "1,2";
			};
			name = Release;
		};
/* End XCBuildConfiguration section */

/* Begin XCConfigurationList section */
		03ED910424BE639D00E6AAAD /* Build configuration list for PBXProject "swift-calculator-tutorial" */ = {
			isa = XCConfigurationList;
			buildConfigurations = (
				03ED911B24BE639F00E6AAAD /* Debug */,
				03ED911C24BE639F00E6AAAD /* Release */,
			);
			defaultConfigurationIsVisible = 0;
			defaultConfigurationName = Release;
		};
		03ED911D24BE639F00E6AAAD /* Build configuration list for PBXNativeTarget "swift-calculator-tutorial" */ = {
			isa = XCConfigurationList;
			buildConfigurations = (
				03ED911E24BE639F00E6AAAD /* Debug */,
				03ED911F24BE639F00E6AAAD /* Release */,
			);
			defaultConfigurationIsVisible = 0;
			defaultConfigurationName = Release;
		};
/* End XCConfigurationList section */
	};
	rootObject = 03ED910124BE639D00E6AAAD /* Project object */;
}
